
Microsoft Visual Studio Solution File, Format Version 12.00
# Visual Studio Version 17
VisualStudioVersion = 17.6.33829.357
MinimumVisualStudioVersion = 10.0.40219.1
Project("{9A19103F-16F7-4668-BE54-9A1E7A4F7556}") = "Model", "Model\Model.csproj", "{3F45B62A-2E0B-414C-AC1D-40A27844E88E}"
EndProject
Project("{9A19103F-16F7-4668-BE54-9A1E7A4F7556}") = "UserManagement.Dao", "Dao\UserManagement.Dao.csproj", "{F984AA94-A3E6-485E-AAA8-B0C9E0A6FBD5}"
EndProject
Project("{2150E333-8FDC-42A3-9474-1A3956D46DE8}") = "Repository", "Repository", "{198ADC5F-8570-4DBE-B550-BC0D269B2F01}"
EndProject
Project("{2150E333-8FDC-42A3-9474-1A3956D46DE8}") = "LDHService", "LDHService", "{179F28D0-2F40-43D8-A705-3A36724109C6}"
EndProject
Project("{9A19103F-16F7-4668-BE54-9A1E7A4F7556}") = "UserManagement.ServiceDev", "ServiceDev\UserManagement.ServiceDev.csproj", "{C1ED22F6-3249-46B8-85BE-FD095259E296}"
EndProject
Project("{9A19103F-16F7-4668-BE54-9A1E7A4F7556}") = "Usermanger", "Usermanger\Usermanger.csproj", "{A96D5EF2-7507-4A51-9971-5579E7F70852}"
EndProject
Project("{9A19103F-16F7-4668-BE54-9A1E7A4F7556}") = "Test", "Test\Test.csproj", "{772A3840-D4BA-4D08-B380-0B80E7474EDA}"
EndProject
Project("{2150E333-8FDC-42A3-9474-1A3956D46DE8}") = "TestConsole", "TestConsole", "{79FF699A-CB5E-4A5D-982C-22BD3827E757}"
EndProject
Project("{9A19103F-16F7-4668-BE54-9A1E7A4F7556}") = "TestProject1", "TestProject1\TestProject1.csproj", "{B56725E8-1F76-469D-AF1A-7CED5B38E5CB}"
EndProject
Project("{FAE04EC0-301F-11D3-BF4B-00C04F79EFBC}") = "测试", "测试\测试.csproj", "{87E95E8F-6C51-4A14-A5DD-FD6A0B0AC72E}"
EndProject
Global
	GlobalSection(SolutionConfigurationPlatforms) = preSolution
		Debug|Any CPU = Debug|Any CPU
		Release|Any CPU = Release|Any CPU
	EndGlobalSection
	GlobalSection(ProjectConfigurationPlatforms) = postSolution
		{3F45B62A-2E0B-414C-AC1D-40A27844E88E}.Debug|Any CPU.ActiveCfg = Debug|Any CPU
		{3F45B62A-2E0B-414C-AC1D-40A27844E88E}.Debug|Any CPU.Build.0 = Debug|Any CPU
		{3F45B62A-2E0B-414C-AC1D-40A27844E88E}.Release|Any CPU.ActiveCfg = Release|Any CPU
		{3F45B62A-2E0B-414C-AC1D-40A27844E88E}.Release|Any CPU.Build.0 = Release|Any CPU
		{F984AA94-A3E6-485E-AAA8-B0C9E0A6FBD5}.Debug|Any CPU.ActiveCfg = Debug|Any CPU
		{F984AA94-A3E6-485E-AAA8-B0C9E0A6FBD5}.Debug|Any CPU.Build.0 = Debug|Any CPU
		{F984AA94-A3E6-485E-AAA8-B0C9E0A6FBD5}.Release|Any CPU.ActiveCfg = Release|Any CPU
		{F984AA94-A3E6-485E-AAA8-B0C9E0A6FBD5}.Release|Any CPU.Build.0 = Release|Any CPU
		{C1ED22F6-3249-46B8-85BE-FD095259E296}.Debug|Any CPU.ActiveCfg = Debug|Any CPU
		{C1ED22F6-3249-46B8-85BE-FD095259E296}.Debug|Any CPU.Build.0 = Debug|Any CPU
		{C1ED22F6-3249-46B8-85BE-FD095259E296}.Release|Any CPU.ActiveCfg = Release|Any CPU
		{C1ED22F6-3249-46B8-85BE-FD095259E296}.Release|Any CPU.Build.0 = Release|Any CPU
		{A96D5EF2-7507-4A51-9971-5579E7F70852}.Debug|Any CPU.ActiveCfg = Debug|Any CPU
		{A96D5EF2-7507-4A51-9971-5579E7F70852}.Debug|Any CPU.Build.0 = Debug|Any CPU
		{A96D5EF2-7507-4A51-9971-5579E7F70852}.Release|Any CPU.ActiveCfg = Release|Any CPU
		{A96D5EF2-7507-4A51-9971-5579E7F70852}.Release|Any CPU.Build.0 = Release|Any CPU
		{772A3840-D4BA-4D08-B380-0B80E7474EDA}.Debug|Any CPU.ActiveCfg = Debug|Any CPU
		{772A3840-D4BA-4D08-B380-0B80E7474EDA}.Debug|Any CPU.Build.0 = Debug|Any CPU
		{772A3840-D4BA-4D08-B380-0B80E7474EDA}.Release|Any CPU.ActiveCfg = Release|Any CPU
		{772A3840-D4BA-4D08-B380-0B80E7474EDA}.Release|Any CPU.Build.0 = Release|Any CPU
		{B56725E8-1F76-469D-AF1A-7CED5B38E5CB}.Debug|Any CPU.ActiveCfg = Debug|Any CPU
		{B56725E8-1F76-469D-AF1A-7CED5B38E5CB}.Debug|Any CPU.Build.0 = Debug|Any CPU
		{B56725E8-1F76-469D-AF1A-7CED5B38E5CB}.Release|Any CPU.ActiveCfg = Release|Any CPU
		{B56725E8-1F76-469D-AF1A-7CED5B38E5CB}.Release|Any CPU.Build.0 = Release|Any CPU
		{87E95E8F-6C51-4A14-A5DD-FD6A0B0AC72E}.Debug|Any CPU.ActiveCfg = Debug|Any CPU
		{87E95E8F-6C51-4A14-A5DD-FD6A0B0AC72E}.Debug|Any CPU.Build.0 = Debug|Any CPU
		{87E95E8F-6C51-4A14-A5DD-FD6A0B0AC72E}.Release|Any CPU.ActiveCfg = Release|Any CPU
		{87E95E8F-6C51-4A14-A5DD-FD6A0B0AC72E}.Release|Any CPU.Build.0 = Release|Any CPU
	EndGlobalSection
	GlobalSection(SolutionProperties) = preSolution
		HideSolutionNode = FALSE
	EndGlobalSection
	GlobalSection(NestedProjects) = preSolution
		{F984AA94-A3E6-485E-AAA8-B0C9E0A6FBD5} = {198ADC5F-8570-4DBE-B550-BC0D269B2F01}
		{C1ED22F6-3249-46B8-85BE-FD095259E296} = {179F28D0-2F40-43D8-A705-3A36724109C6}
		{772A3840-D4BA-4D08-B380-0B80E7474EDA} = {79FF699A-CB5E-4A5D-982C-22BD3827E757}
	EndGlobalSection
	GlobalSection(ExtensibilityGlobals) = postSolution
		SolutionGuid = {A2F003D4-F844-4DD4-B207-71376B5E9415}
	EndGlobalSection
EndGlobal
